dependencies:
- name: front-service
  repository: file://charts/front-service
  version: 1.0.0
- name: keycloak
  repository: file://charts/keycloak
  version: 1.0.0
- name: blocker-service
  repository: file://charts/blocker-service
  version: 1.0.0
- name: notification-service
  repository: file://charts/notification-service
  version: 1.0.0
- name: cash-service
  repository: file://charts/cash-service
  version: 1.0.0
- name: account-service
  repository: file://charts/account-service
  version: 1.0.0
- name: transfer-service
  repository: file://charts/transfer-service
  version: 1.0.0
- name: exchange-service
  repository: file://charts/exchange-service
  version: 1.0.0
- name: exchange-generator-service
  repository: file://charts/exchange-generator-service
  version: 1.0.0
digest: sha256:d8dc2b653a9667c1de61e674015621886914befe13f8106fb0a405799ad15702
generated: "2025-06-16T12:41:19.5327283+03:00"
